{"packages":{"mongo_dart":{"version":"0.0.7","source":"git","description":{"url":"git://github.com/sethladd/mongo_dart.git","ref":null,"resolved-ref":"8c44ed375396aa157329a65827fb91bf91f65922"}},"web_components":{"version":"0.2.8+3","source":"hosted","description":"web_components"},"logging":{"version":"0.2.7","source":"hosted","description":"logging"},"args":{"version":"0.2.7+0","source":"hosted","description":"args"},"unittest":{"version":"0.2.7","source":"hosted","description":"unittest"},"meta":{"version":"0.2.7","source":"hosted","description":"meta"},"js":{"version":"0.0.12","source":"hosted","description":"js"},"html5lib":{"version":"0.2.1+1","source":"hosted","description":"html5lib"}}}